
Microsoft Visual Studio Solution File, Format Version 12.00
# Visual Studio Version 17
VisualStudioVersion = 17.10.35004.147
MinimumVisualStudioVersion = 10.0.40219.1
Project("{9A19103F-16F7-4668-BE54-9A1E7A4F7556}") = "DemoApi", "DemoApi\DemoApi.csproj", "{0D6D7935-F924-48D1-A138-BB883B344D98}"
EndProject
Project("{9A19103F-16F7-4668-BE54-9A1E7A4F7556}") = "SampleMinimalApi", "SampleMinimalApi\SampleMinimalApi.csproj", "{694A3523-29BB-43ED-927B-EC1893CCF08B}"
EndProject
Global
	GlobalSection(SolutionConfigurationPlatforms) = preSolution
		Debug|Any CPU = Debug|Any CPU
		Release|Any CPU = Release|Any CPU
	EndGlobalSection
	GlobalSection(ProjectConfigurationPlatforms) = postSolution
		{0D6D7935-F924-48D1-A138-BB883B344D98}.Debug|Any CPU.ActiveCfg = Debug|Any CPU
		{0D6D7935-F924-48D1-A138-BB883B344D98}.Debug|Any CPU.Build.0 = Debug|Any CPU
		{0D6D7935-F924-48D1-A138-BB883B344D98}.Release|Any CPU.ActiveCfg = Release|Any CPU
		{0D6D7935-F924-48D1-A138-BB883B344D98}.Release|Any CPU.Build.0 = Release|Any CPU
		{694A3523-29BB-43ED-927B-EC1893CCF08B}.Debug|Any CPU.ActiveCfg = Debug|Any CPU
		{694A3523-29BB-43ED-927B-EC1893CCF08B}.Debug|Any CPU.Build.0 = Debug|Any CPU
		{694A3523-29BB-43ED-927B-EC1893CCF08B}.Release|Any CPU.ActiveCfg = Release|Any CPU
		{694A3523-29BB-43ED-927B-EC1893CCF08B}.Release|Any CPU.Build.0 = Release|Any CPU
	EndGlobalSection
	GlobalSection(SolutionProperties) = preSolution
		HideSolutionNode = FALSE
	EndGlobalSection
	GlobalSection(ExtensibilityGlobals) = postSolution
		SolutionGuid = {53FA4BCB-EF0F-4278-99C7-60873E4B12B0}
	EndGlobalSection
EndGlobal
